Microsoft Visual Studio Solution File, Format Version 12.00

Project("{FAE04EC0-301F-11D3-BF4B-00C04F79EFBC}") = "WebApiNet", "WebApiNet\WebApiNet.csproj", "{B06BF436-528B-4DF7-9F86-6F86B6A77E84}"
EndProject
Global
    GlobalSection(SolutionConfigurationPlatforms) = preSolution
        Debug|Any CPU = Debug|Any CPU
        Release|Any CPU = Release|Any CPU
    EndGlobalSection
    GlobalSection(ProjectConfigurationPlatforms) = postSolution
        {B06BF436-528B-4DF7-9F86-6F86B6A77E84}.Debug|Any CPU.ActiveCfg = Debug|Any CPU
        {B06BF436-528B-4DF7-9F86-6F86B6A77E84}.Debug|Any CPU.Build.0 = Debug|Any CPU
        {B06BF436-528B-4DF7-9F86-6F86B6A77E84}.Release|Any CPU.ActiveCfg = Release|Any CPU
        {B06BF436-528B-4DF7-9F86-6F86B6A77E84}.Release|Any CPU.Build.0 = Release|Any CPU
    EndGlobalSection
EndGlobal
